
Microsoft Visual Studio Solution File, Format Version 12.00
# Visual Studio Version 17
VisualStudioVersion = 17.12.35707.178 d17.12
MinimumVisualStudioVersion = 10.0.40219.1
Project("{FAE04EC0-301F-11D3-BF4B-00C04F79EFBC}") = "Practica 3", "Practica 3\Practica 3.csproj", "{AD48DCE2-2044-4E5C-A3BF-B8ED8D52849C}"
EndProject
Global
	GlobalSection(SolutionConfigurationPlatforms) = preSolution
		Debug|Any CPU = Debug|Any CPU
		Release|Any CPU = Release|Any CPU
	EndGlobalSection
	GlobalSection(ProjectConfigurationPlatforms) = postSolution
		{AD48DCE2-2044-4E5C-A3BF-B8ED8D52849C}.Debug|Any CPU.ActiveCfg = Debug|Any CPU
		{AD48DCE2-2044-4E5C-A3BF-B8ED8D52849C}.Debug|Any CPU.Build.0 = Debug|Any CPU
		{AD48DCE2-2044-4E5C-A3BF-B8ED8D52849C}.Release|Any CPU.ActiveCfg = Release|Any CPU
		{AD48DCE2-2044-4E5C-A3BF-B8ED8D52849C}.Release|Any CPU.Build.0 = Release|Any CPU
	EndGlobalSection
	GlobalSection(SolutionProperties) = preSolution
		HideSolutionNode = FALSE
	EndGlobalSection
EndGlobal
